// !$*UTF8*$!
{
	archiveVersion = 1;
	classes = {
	};
	objectVersion = 48;
	objects = {

/* Begin PBXBuildFile section */
		1931D0A97D20394A8C391691 /* Pods_Tester2.framework in Frameworks */ = {isa = PBXBuildFile; fileRef = 2FFCB545ECDD6F91F447F992 /* Pods_Tester2.framework */; };
		970C4FEEE1FC415DA1B2142E /* Pods_Tester2UITests.framework in Frameworks */ = {isa = PBXBuildFile; fileRef = DF43713560603F5E7190E920 /* Pods_Tester2UITests.framework */; };
		BC531A4120AA08CC000AF364 /* Pose04.jpg in Resources */ = {isa = PBXBuildFile; fileRef = BC531A4020AA08CC000AF364 /* Pose04.jpg */; };
		BC5B53DC2090F9A9000B450B /* PoseCollectionViewCell.swift in Sources */ = {isa = PBXBuildFile; fileRef = BC5B53DB2090F9A9000B450B /* PoseCollectionViewCell.swift */; };
		BC5B53DE2090F9D7000B450B /* PoseViewController.swift in Sources */ = {isa = PBXBuildFile; fileRef = BC5B53DD2090F9D7000B450B /* PoseViewController.swift */; };
		BC625DF6207FD225008CF14A /* CategoryCollectionViewCell.swift in Sources */ = {isa = PBXBuildFile; fileRef = BC625DF5207FD225008CF14A /* CategoryCollectionViewCell.swift */; };
		BC7B550220A4B8440055AA09 /* GoogleService-Info.plist in Resources */ = {isa = PBXBuildFile; fileRef = BC7B550120A4B8440055AA09 /* GoogleService-Info.plist */; };
		BCA915ED209B872800D46492 /* PoseDecripCollectionViewCell.swift in Sources */ = {isa = PBXBuildFile; fileRef = BCA915EC209B872800D46492 /* PoseDecripCollectionViewCell.swift */; };
		BCA915EF209B879300D46492 /* PoseDescripViewController.swift in Sources */ = {isa = PBXBuildFile; fileRef = BCA915EE209B879300D46492 /* PoseDescripViewController.swift */; };
		BCB1A29A209A2E2F003AEB5D /* Pose01.jpg in Resources */ = {isa = PBXBuildFile; fileRef = BCB1A299209A2E2F003AEB5D /* Pose01.jpg */; };
		BCD442522098E2CE008601C0 /* Pose02.jpg in Resources */ = {isa = PBXBuildFile; fileRef = BCD442512098E2CE008601C0 /* Pose02.jpg */; };
		BCD442542098E2D5008601C0 /* Pose03.jpg in Resources */ = {isa = PBXBuildFile; fileRef = BCD442532098E2D5008601C0 /* Pose03.jpg */; };
		BCE50618207D2BCC007683AF /* AppDelegate.swift in Sources */ = {isa = PBXBuildFile; fileRef = BCE50617207D2BCC007683AF /* AppDelegate.swift */; };
		BCE5061A207D2BCC007683AF /* CategoryViewController.swift in Sources */ = {isa = PBXBuildFile; fileRef = BCE50619207D2BCC007683AF /* CategoryViewController.swift */; };
		BCE5061D207D2BCC007683AF /* Main.storyboard in Resources */ = {isa = PBXBuildFile; fileRef = BCE5061B207D2BCC007683AF /* Main.storyboard */; };
		BCE5061F207D2BCC007683AF /* Assets.xcassets in Resources */ = {isa = PBXBuildFile; fileRef = BCE5061E207D2BCC007683AF /* Assets.xcassets */; };
		BCE50622207D2BCC007683AF /* LaunchScreen.storyboard in Resources */ = {isa = PBXBuildFile; fileRef = BCE50620207D2BCC007683AF /* LaunchScreen.storyboard */; };
		BCE5062D207D2BCC007683AF /* Tester2Tests.swift in Sources */ = {isa = PBXBuildFile; fileRef = BCE5062C207D2BCC007683AF /* Tester2Tests.swift */; };
		BCE50638207D2BCC007683AF /* Tester2UITests.swift in Sources */ = {isa = PBXBuildFile; fileRef = BCE50637207D2BCC007683AF /* Tester2UITests.swift */; };
		BCEB132120B340BE002D22E1 /* FirebaseStorage.framework in Frameworks */ = {isa = PBXBuildFile; fileRef = BCEB132220B340BE002D22E1 /* FirebaseStorage.framework */; };
		F69CF19EFC9740F7532066A3 /* Pods_Tester2Tests.framework in Frameworks */ = {isa = PBXBuildFile; fileRef = 4272F2D60D106FB93CD7760B /* Pods_Tester2Tests.framework */; };
/* End PBXBuildFile section */

/* Begin PBXContainerItemProxy section */
		BCE50629207D2BCC007683AF /* PBXContainerItemProxy */ = {
			isa = PBXContainerItemProxy;
			containerPortal = BCE5060C207D2BCC007683AF /* Project object */;
			proxyType = 1;
			remoteGlobalIDString = BCE50613207D2BCC007683AF;
			remoteInfo = Tester2;
		};
		BCE50634207D2BCC007683AF /* PBXContainerItemProxy */ = {
			isa = PBXContainerItemProxy;
			containerPortal = BCE5060C207D2BCC007683AF /* Project object */;
			proxyType = 1;
			remoteGlobalIDString = BCE50613207D2BCC007683AF;
			remoteInfo = Tester2;
		};
/* End PBXContainerItemProxy section */

/* Begin PBXFileReference section */
		2FFCB545ECDD6F91F447F992 /* Pods_Tester2.framework */ = {isa = PBXFileReference; explicitFileType = wrapper.framework; includeInIndex = 0; path = Pods_Tester2.framework; sourceTree = BUILT_PRODUCTS_DIR; };
		4272F2D60D106FB93CD7760B /* Pods_Tester2Tests.framework */ = {isa = PBXFileReference; explicitFileType = wrapper.framework; includeInIndex = 0; path = Pods_Tester2Tests.framework; sourceTree = BUILT_PRODUCTS_DIR; };
		4F2CC0C1BF6DA1C4D9A34B9A /* Pods-Tester2UITests.debug.xcconfig */ = {isa = PBXFileReference; includeInIndex = 1; lastKnownFileType = text.xcconfig; name = "Pods-Tester2UITests.debug.xcconfig"; path = "Pods/Target Support Files/Pods-Tester2UITests/Pods-Tester2UITests.debug.xcconfig"; sourceTree = "<group>"; };
		586A27971E5E151FE737186E /* Pods-Tester2.release.xcconfig */ = {isa = PBXFileReference; includeInIndex = 1; lastKnownFileType = text.xcconfig; name = "Pods-Tester2.release.xcconfig"; path = "Pods/Target Support Files/Pods-Tester2/Pods-Tester2.release.xcconfig"; sourceTree = "<group>"; };
		68347437ADA2D6A35746552F /* Pods-Tester2Tests.debug.xcconfig */ = {isa = PBXFileReference; includeInIndex = 1; lastKnownFileType = text.xcconfig; name = "Pods-Tester2Tests.debug.xcconfig"; path = "Pods/Target Support Files/Pods-Tester2Tests/Pods-Tester2Tests.debug.xcconfig"; sourceTree = "<group>"; };
		6CF7F5C60F72395E3BD1965B /* Pods-Tester2.debug.xcconfig */ = {isa = PBXFileReference; includeInIndex = 1; lastKnownFileType = text.xcconfig; name = "Pods-Tester2.debug.xcconfig"; path = "Pods/Target Support Files/Pods-Tester2/Pods-Tester2.debug.xcconfig"; sourceTree = "<group>"; };
		988651801E6EF88B762CBB87 /* Pods-Tester2Tests.release.xcconfig */ = {isa = PBXFileReference; includeInIndex = 1; lastKnownFileType = text.xcconfig; name = "Pods-Tester2Tests.release.xcconfig"; path = "Pods/Target Support Files/Pods-Tester2Tests/Pods-Tester2Tests.release.xcconfig"; sourceTree = "<group>"; };
		BC531A4020AA08CC000AF364 /* Pose04.jpg */ = {isa = PBXFileReference; lastKnownFileType = image.jpeg; name = Pose04.jpg; path = ../../../Downloads/Pose04.jpg; sourceTree = "<group>"; };
		BC5B53DB2090F9A9000B450B /* PoseCollectionViewCell.swift */ = {isa = PBXFileReference; lastKnownFileType = sourcecode.swift; path = PoseCollectionViewCell.swift; sourceTree = "<group>"; };
		BC5B53DD2090F9D7000B450B /* PoseViewController.swift */ = {isa = PBXFileReference; lastKnownFileType = sourcecode.swift; path = PoseViewController.swift; sourceTree = "<group>"; };
		BC625DF5207FD225008CF14A /* CategoryCollectionViewCell.swift */ = {isa = PBXFileReference; lastKnownFileType = sourcecode.swift; path = CategoryCollectionViewCell.swift; sourceTree = "<group>"; };
		BC7B550120A4B8440055AA09 /* GoogleService-Info.plist */ = {isa = PBXFileReference; fileEncoding = 4; lastKnownFileType = text.plist.xml; name = "GoogleService-Info.plist"; path = "../../../Downloads/GoogleService-Info.plist"; sourceTree = "<group>"; };
		BCA915EC209B872800D46492 /* PoseDecripCollectionViewCell.swift */ = {isa = PBXFileReference; lastKnownFileType = sourcecode.swift; path = PoseDecripCollectionViewCell.swift; sourceTree = "<group>"; };
		BCA915EE209B879300D46492 /* PoseDescripViewController.swift */ = {isa = PBXFileReference; lastKnownFileType = sourcecode.swift; path = PoseDescripViewController.swift; sourceTree = "<group>"; };
		BCB1A299209A2E2F003AEB5D /* Pose01.jpg */ = {isa = PBXFileReference; lastKnownFileType = image.jpeg; path = Pose01.jpg; sourceTree = "<group>"; };
		BCD442512098E2CE008601C0 /* Pose02.jpg */ = {isa = PBXFileReference; lastKnownFileType = image.jpeg; path = Pose02.jpg; sourceTree = "<group>"; };
		BCD442532098E2D5008601C0 /* Pose03.jpg */ = {isa = PBXFileReference; lastKnownFileType = image.jpeg; path = Pose03.jpg; sourceTree = "<group>"; };
		BCE50614207D2BCC007683AF /* Tester2.app */ = {isa = PBXFileReference; explicitFileType = wrapper.application; includeInIndex = 0; path = Tester2.app; sourceTree = BUILT_PRODUCTS_DIR; };
		BCE50617207D2BCC007683AF /* AppDelegate.swift */ = {isa = PBXFileReference; lastKnownFileType = sourcecode.swift; path = AppDelegate.swift; sourceTree = "<group>"; };
		BCE50619207D2BCC007683AF /* CategoryViewController.swift */ = {isa = PBXFileReference; lastKnownFileType = sourcecode.swift; path = CategoryViewController.swift; sourceTree = "<group>"; };
		BCE5061C207D2BCC007683AF /* Base */ = {isa = PBXFileReference; lastKnownFileType = file.storyboard; name = Base; path = Base.lproj/Main.storyboard; sourceTree = "<group>"; };
		BCE5061E207D2BCC007683AF /* Assets.xcassets */ = {isa = PBXFileReference; lastKnownFileType = folder.assetcatalog; path = Assets.xcassets; sourceTree = "<group>"; };
		BCE50621207D2BCC007683AF /* Base */ = {isa = PBXFileReference; lastKnownFileType = file.storyboard; name = Base; path = Base.lproj/LaunchScreen.storyboard; sourceTree = "<group>"; };
		BCE50623207D2BCC007683AF /* Info.plist */ = {isa = PBXFileReference; lastKnownFileType = text.plist.xml; path = Info.plist; sourceTree = "<group>"; };
		BCE50628207D2BCC007683AF /* Tester2Tests.xctest */ = {isa = PBXFileReference; explicitFileType = wrapper.cfbundle; includeInIndex = 0; path = Tester2Tests.xctest; sourceTree = BUILT_PRODUCTS_DIR; };
		BCE5062C207D2BCC007683AF /* Tester2Tests.swift */ = {isa = PBXFileReference; lastKnownFileType = sourcecode.swift; path = Tester2Tests.swift; sourceTree = "<group>"; };
		BCE5062E207D2BCC007683AF /* Info.plist */ = {isa = PBXFileReference; lastKnownFileType = text.plist.xml; path = Info.plist; sourceTree = "<group>"; };
		BCE50633207D2BCC007683AF /* Tester2UITests.xctest */ = {isa = PBXFileReference; explicitFileType = wrapper.cfbundle; includeInIndex = 0; path = Tester2UITests.xctest; sourceTree = BUILT_PRODUCTS_DIR; };
		BCE50637207D2BCC007683AF /* Tester2UITests.swift */ = {isa = PBXFileReference; lastKnownFileType = sourcecode.swift; path = Tester2UITests.swift; sourceTree = "<group>"; };
		BCE50639207D2BCC007683AF /* Info.plist */ = {isa = PBXFileReference; lastKnownFileType = text.plist.xml; path = Info.plist; sourceTree = "<group>"; };
		BCEB132220B340BE002D22E1 /* FirebaseStorage.framework */ = {isa = PBXFileReference; explicitFileType = wrapper.framework; path = FirebaseStorage.framework; sourceTree = BUILT_PRODUCTS_DIR; };
		CC25AE70BF8432E52C38639B /* Pods-Tester2UITests.release.xcconfig */ = {isa = PBXFileReference; includeInIndex = 1; lastKnownFileType = text.xcconfig; name = "Pods-Tester2UITests.release.xcconfig"; path = "Pods/Target Support Files/Pods-Tester2UITests/Pods-Tester2UITests.release.xcconfig"; sourceTree = "<group>"; };
		DF43713560603F5E7190E920 /* Pods_Tester2UITests.framework */ = {isa = PBXFileReference; explicitFileType = wrapper.framework; includeInIndex = 0; path = Pods_Tester2UITests.framework; sourceTree = BUILT_PRODUCTS_DIR; };
/* End PBXFileReference section */

/* Begin PBXFrameworksBuildPhase section */
		BCE50611207D2BCC007683AF /* Frameworks */ = {
			isa = PBXFrameworksBuildPhase;
			buildActionMask = 2147483647;
			files = (
				BCEB132120B340BE002D22E1 /* FirebaseStorage.framework in Frameworks */,
				1931D0A97D20394A8C391691 /* Pods_Tester2.framework in Frameworks */,
			);
			runOnlyForDeploymentPostprocessing = 0;
		};
		BCE50625207D2BCC007683AF /* Frameworks */ = {
			isa = PBXFrameworksBuildPhase;
			buildActionMask = 2147483647;
			files = (
				F69CF19EFC9740F7532066A3 /* Pods_Tester2Tests.framework in Frameworks */,
			);
			runOnlyForDeploymentPostprocessing = 0;
		};
		BCE50630207D2BCC007683AF /* Frameworks */ = {
			isa = PBXFrameworksBuildPhase;
			buildActionMask = 2147483647;
			files = (
				970C4FEEE1FC415DA1B2142E /* Pods_Tester2UITests.framework in Frameworks */,
			);
			runOnlyForDeploymentPostprocessing = 0;
		};
/* End PBXFrameworksBuildPhase section */

/* Begin PBXGroup section */
		952E4400D7AFA0A32A1A3D42 /* Pods */ = {
			isa = PBXGroup;
			children = (
				6CF7F5C60F72395E3BD1965B /* Pods-Tester2.debug.xcconfig */,
				586A27971E5E151FE737186E /* Pods-Tester2.release.xcconfig */,
				68347437ADA2D6A35746552F /* Pods-Tester2Tests.debug.xcconfig */,
				988651801E6EF88B762CBB87 /* Pods-Tester2Tests.release.xcconfig */,
				4F2CC0C1BF6DA1C4D9A34B9A /* Pods-Tester2UITests.debug.xcconfig */,
				CC25AE70BF8432E52C38639B /* Pods-Tester2UITests.release.xcconfig */,
			);
			name = Pods;
			sourceTree = "<group>";
		};
		BCE5060B207D2BCC007683AF = {
			isa = PBXGroup;
			children = (
				BCE50616207D2BCC007683AF /* Tester2 */,
				BCE5062B207D2BCC007683AF /* Tester2Tests */,
				BCE50636207D2BCC007683AF /* Tester2UITests */,
				BCE50615207D2BCC007683AF /* Products */,
				952E4400D7AFA0A32A1A3D42 /* Pods */,
				CFB267E32CD5DEF2BD458625 /* Frameworks */,
			);
			sourceTree = "<group>";
		};
		BCE50615207D2BCC007683AF /* Products */ = {
			isa = PBXGroup;
			children = (
				BCE50614207D2BCC007683AF /* Tester2.app */,
				BCE50628207D2BCC007683AF /* Tester2Tests.xctest */,
				BCE50633207D2BCC007683AF /* Tester2UITests.xctest */,
			);
			name = Products;
			sourceTree = "<group>";
		};
		BCE50616207D2BCC007683AF /* Tester2 */ = {
			isa = PBXGroup;
			children = (
				BCB1A299209A2E2F003AEB5D /* Pose01.jpg */,
				BCD442512098E2CE008601C0 /* Pose02.jpg */,
				BCD442532098E2D5008601C0 /* Pose03.jpg */,
				BC531A4020AA08CC000AF364 /* Pose04.jpg */,
				BCE50617207D2BCC007683AF /* AppDelegate.swift */,
				BCE50619207D2BCC007683AF /* CategoryViewController.swift */,
				BC625DF5207FD225008CF14A /* CategoryCollectionViewCell.swift */,
				BC5B53DD2090F9D7000B450B /* PoseViewController.swift */,
				BC5B53DB2090F9A9000B450B /* PoseCollectionViewCell.swift */,
				BCA915EE209B879300D46492 /* PoseDescripViewController.swift */,
				BCA915EC209B872800D46492 /* PoseDecripCollectionViewCell.swift */,
				BCE5061B207D2BCC007683AF /* Main.storyboard */,
				BCE5061E207D2BCC007683AF /* Assets.xcassets */,
				BCE50620207D2BCC007683AF /* LaunchScreen.storyboard */,
				BCE50623207D2BCC007683AF /* Info.plist */,
				BC7B550120A4B8440055AA09 /* GoogleService-Info.plist */,
			);
			path = Tester2;
			sourceTree = "<group>";
		};
		BCE5062B207D2BCC007683AF /* Tester2Tests */ = {
			isa = PBXGroup;
			children = (
				BCE5062C207D2BCC007683AF /* Tester2Tests.swift */,
				BCE5062E207D2BCC007683AF /* Info.plist */,
			);
			path = Tester2Tests;
			sourceTree = "<group>";
		};
		BCE50636207D2BCC007683AF /* Tester2UITests */ = {
			isa = PBXGroup;
			children = (
				BCE50637207D2BCC007683AF /* Tester2UITests.swift */,
				BCE50639207D2BCC007683AF /* Info.plist */,
			);
			path = Tester2UITests;
			sourceTree = "<group>";
		};
		CFB267E32CD5DEF2BD458625 /* Frameworks */ = {
			isa = PBXGroup;
			children = (
				BCEB132220B340BE002D22E1 /* FirebaseStorage.framework */,
				2FFCB545ECDD6F91F447F992 /* Pods_Tester2.framework */,
				4272F2D60D106FB93CD7760B /* Pods_Tester2Tests.framework */,
				DF43713560603F5E7190E920 /* Pods_Tester2UITests.framework */,
			);
			name = Frameworks;
			sourceTree = "<group>";
		};
/* End PBXGroup section */

/* Begin PBXNativeTarget section */
		BCE50613207D2BCC007683AF /* Tester2 */ = {
			isa = PBXNativeTarget;
			buildConfigurationList = BCE5063C207D2BCC007683AF /* Build configuration list for PBXNativeTarget "Tester2" */;
			buildPhases = (
				C76768033270475F31704F66 /* [CP] Check Pods Manifest.lock */,
				BCE50610207D2BCC007683AF /* Sources */,
				BCE50611207D2BCC007683AF /* Frameworks */,
				BCE50612207D2BCC007683AF /* Resources */,
				506DAFDA5900C71F30877086 /* [CP] Embed Pods Frameworks */,
			);
			buildRules = (
			);
			dependencies = (
			);
			name = Tester2;
			productName = Tester2;
			productReference = BCE50614207D2BCC007683AF /* Tester2.app */;
			productType = "com.apple.product-type.application";
		};
		BCE50627207D2BCC007683AF /* Tester2Tests */ = {
			isa = PBXNativeTarget;
			buildConfigurationList = BCE5063F207D2BCC007683AF /* Build configuration list for PBXNativeTarget "Tester2Tests" */;
			buildPhases = (
				FB0DF18BA8C9696B5069FFA3 /* [CP] Check Pods Manifest.lock */,
				BCE50624207D2BCC007683AF /* Sources */,
				BCE50625207D2BCC007683AF /* Frameworks */,
				BCE50626207D2BCC007683AF /* Resources */,
			);
			buildRules = (
			);
			dependencies = (
				BCE5062A207D2BCC007683AF /* PBXTargetDependency */,
			);
			name = Tester2Tests;
			productName = Tester2Tests;
			productReference = BCE50628207D2BCC007683AF /* Tester2Tests.xctest */;
			productType = "com.apple.product-type.bundle.unit-test";
		};
		BCE50632207D2BCC007683AF /* Tester2UITests */ = {
			isa = PBXNativeTarget;
			buildConfigurationList = BCE50642207D2BCC007683AF /* Build configuration list for PBXNativeTarget "Tester2UITests" */;
			buildPhases = (
				F831FFD8724BCDE5ABA67E84 /* [CP] Check Pods Manifest.lock */,
				BCE5062F207D2BCC007683AF /* Sources */,
				BCE50630207D2BCC007683AF /* Frameworks */,
				BCE50631207D2BCC007683AF /* Resources */,
			);
			buildRules = (
			);
			dependencies = (
				BCE50635207D2BCC007683AF /* PBXTargetDependency */,
			);
			name = Tester2UITests;
			productName = Tester2UITests;
			productReference = BCE50633207D2BCC007683AF /* Tester2UITests.xctest */;
			productType = "com.apple.product-type.bundle.ui-testing";
		};
/* End PBXNativeTarget section */

/* Begin PBXProject section */
		BCE5060C207D2BCC007683AF /* Project object */ = {
			isa = PBXProject;
			attributes = {
				LastSwiftUpdateCheck = 0920;
				LastUpgradeCheck = 0920;
				ORGANIZATIONNAME = "CS Student";
				TargetAttributes = {
					BCE50613207D2BCC007683AF = {
						CreatedOnToolsVersion = 9.2;
						ProvisioningStyle = Automatic;
					};
					BCE50627207D2BCC007683AF = {
						CreatedOnToolsVersion = 9.2;
						ProvisioningStyle = Automatic;
						TestTargetID = BCE50613207D2BCC007683AF;
					};
					BCE50632207D2BCC007683AF = {
						CreatedOnToolsVersion = 9.2;
						ProvisioningStyle = Automatic;
						TestTargetID = BCE50613207D2BCC007683AF;
					};
				};
			};
			buildConfigurationList = BCE5060F207D2BCC007683AF /* Build configuration list for PBXProject "Tester2" */;
			compatibilityVersion = "Xcode 8.0";
			developmentRegion = en;
			hasScannedForEncodings = 0;
			knownRegions = (
				en,
				Base,
			);
			mainGroup = BCE5060B207D2BCC007683AF;
			productRefGroup = BCE50615207D2BCC007683AF /* Products */;
			projectDirPath = "";
			projectRoot = "";
			targets = (
				BCE50613207D2BCC007683AF /* Tester2 */,
				BCE50627207D2BCC007683AF /* Tester2Tests */,
				BCE50632207D2BCC007683AF /* Tester2UITests */,
			);
		};
/* End PBXProject section */

/* Begin PBXResourcesBuildPhase section */
		BCE50612207D2BCC007683AF /* Resources */ = {
			isa = PBXResourcesBuildPhase;
			buildActionMask = 2147483647;
			files = (
				BCE50622207D2BCC007683AF /* LaunchScreen.storyboard in Resources */,
				BCE5061F207D2BCC007683AF /* Assets.xcassets in Resources */,
				BCD442522098E2CE008601C0 /* Pose02.jpg in Resources */,
				BCE5061D207D2BCC007683AF /* Main.storyboard in Resources */,
				BC531A4120AA08CC000AF364 /* Pose04.jpg in Resources */,
				BCD442542098E2D5008601C0 /* Pose03.jpg in Resources */,
				BCB1A29A209A2E2F003AEB5D /* Pose01.jpg in Resources */,
				BC7B550220A4B8440055AA09 /* GoogleService-Info.plist in Resources */,
			);
			runOnlyForDeploymentPostprocessing = 0;
		};
		BCE50626207D2BCC007683AF /* Resources */ = {
			isa = PBXResourcesBuildPhase;
			buildActionMask = 2147483647;
			files = (
			);
			runOnlyForDeploymentPostprocessing = 0;
		};
		BCE50631207D2BCC007683AF /* Resources */ = {
			isa = PBXResourcesBuildPhase;
			buildActionMask = 2147483647;
			files = (
			);
			runOnlyForDeploymentPostprocessing = 0;
		};
/* End PBXResourcesBuildPhase section */

/* Begin PBXShellScriptBuildPhase section */
		506DAFDA5900C71F30877086 /* [CP] Embed Pods Frameworks */ = {
			isa = PBXShellScriptBuildPhase;
			buildActionMask = 2147483647;
			files = (
			);
			inputPaths = (
				"${SRCROOT}/Pods/Target Support Files/Pods-Tester2/Pods-Tester2-frameworks.sh",
				"${BUILT_PRODUCTS_DIR}/BoringSSL/openssl.framework",
				"${BUILT_PRODUCTS_DIR}/GTMSessionFetcher/GTMSessionFetcher.framework",
				"${BUILT_PRODUCTS_DIR}/GoogleToolboxForMac/GoogleToolboxForMac.framework",
				"${BUILT_PRODUCTS_DIR}/Protobuf/Protobuf.framework",
				"${BUILT_PRODUCTS_DIR}/gRPC/GRPCClient.framework",
				"${BUILT_PRODUCTS_DIR}/gRPC-Core/grpc.framework",
				"${BUILT_PRODUCTS_DIR}/gRPC-ProtoRPC/ProtoRPC.framework",
				"${BUILT_PRODUCTS_DIR}/gRPC-RxLibrary/RxLibrary.framework",
				"${BUILT_PRODUCTS_DIR}/leveldb-library/leveldb.framework",
				"${BUILT_PRODUCTS_DIR}/nanopb/nanopb.framework",
			);
			name = "[CP] Embed Pods Frameworks";
			outputPaths = (
				"${TARGET_BUILD_DIR}/${FRAMEWORKS_FOLDER_PATH}/openssl.framework",
				"${TARGET_BUILD_DIR}/${FRAMEWORKS_FOLDER_PATH}/GTMSessionFetcher.framework",
				"${TARGET_BUILD_DIR}/${FRAMEWORKS_FOLDER_PATH}/GoogleToolboxForMac.framework",
				"${TARGET_BUILD_DIR}/${FRAMEWORKS_FOLDER_PATH}/Protobuf.framework",
				"${TARGET_BUILD_DIR}/${FRAMEWORKS_FOLDER_PATH}/GRPCClient.framework",
				"${TARGET_BUILD_DIR}/${FRAMEWORKS_FOLDER_PATH}/grpc.framework",
				"${TARGET_BUILD_DIR}/${FRAMEWORKS_FOLDER_PATH}/ProtoRPC.framework",
				"${TARGET_BUILD_DIR}/${FRAMEWORKS_FOLDER_PATH}/RxLibrary.framework",
				"${TARGET_BUILD_DIR}/${FRAMEWORKS_FOLDER_PATH}/leveldb.framework",
				"${TARGET_BUILD_DIR}/${FRAMEWORKS_FOLDER_PATH}/nanopb.framework",
			);
			runOnlyForDeploymentPostprocessing = 0;
			shellPath = /bin/sh;
			shellScript = "\"${SRCROOT}/Pods/Target Support Files/Pods-Tester2/Pods-Tester2-frameworks.sh\"\n";
			showEnvVarsInLog = 0;
		};
		C76768033270475F31704F66 /* [CP] Check Pods Manifest.lock */ = {
			isa = PBXShellScriptBuildPhase;
			buildActionMask = 2147483647;
			files = (
			);
			inputPaths = (
				"${PODS_PODFILE_DIR_PATH}/Podfile.lock",
				"${PODS_ROOT}/Manifest.lock",
			);
			name = "[CP] Check Pods Manifest.lock";
			outputPaths = (
				"$(DERIVED_FILE_DIR)/Pods-Tester2-checkManifestLockResult.txt",
			);
			runOnlyForDeploymentPostprocessing = 0;
			shellPath = /bin/sh;
			shellScript = "diff \"${PODS_PODFILE_DIR_PATH}/Podfile.lock\" \"${PODS_ROOT}/Manifest.lock\" > /dev/null\nif [ $? != 0 ] ; then\n    # print error to STDERR\n    echo \"error: The sandbox is not in sync with the Podfile.lock. Run 'pod install' or update your CocoaPods installation.\" >&2\n    exit 1\nfi\n# This output is used by Xcode 'outputs' to avoid re-running this script phase.\necho \"SUCCESS\" > \"${SCRIPT_OUTPUT_FILE_0}\"\n";
			showEnvVarsInLog = 0;
		};
		F831FFD8724BCDE5ABA67E84 /* [CP] Check Pods Manifest.lock */ = {
			isa = PBXShellScriptBuildPhase;
			buildActionMask = 2147483647;
			files = (
			);
			inputPaths = (
				"${PODS_PODFILE_DIR_PATH}/Podfile.lock",
				"${PODS_ROOT}/Manifest.lock",
			);
			name = "[CP] Check Pods Manifest.lock";
			outputPaths = (
				"$(DERIVED_FILE_DIR)/Pods-Tester2UITests-checkManifestLockResult.txt",
			);
			runOnlyForDeploymentPostprocessing = 0;
			shellPath = /bin/sh;
			shellScript = "diff \"${PODS_PODFILE_DIR_PATH}/Podfile.lock\" \"${PODS_ROOT}/Manifest.lock\" > /dev/null\nif [ $? != 0 ] ; then\n    # print error to STDERR\n    echo \"error: The sandbox is not in sync with the Podfile.lock. Run 'pod install' or update your CocoaPods installation.\" >&2\n    exit 1\nfi\n# This output is used by Xcode 'outputs' to avoid re-running this script phase.\necho \"SUCCESS\" > \"${SCRIPT_OUTPUT_FILE_0}\"\n";
			showEnvVarsInLog = 0;
		};
		FB0DF18BA8C9696B5069FFA3 /* [CP] Check Pods Manifest.lock */ = {
			isa = PBXShellScriptBuildPhase;
			buildActionMask = 2147483647;
			files = (
			);
			inputPaths = (
				"${PODS_PODFILE_DIR_PATH}/Podfile.lock",
				"${PODS_ROOT}/Manifest.lock",
			);
			name = "[CP] Check Pods Manifest.lock";
			outputPaths = (
				"$(DERIVED_FILE_DIR)/Pods-Tester2Tests-checkManifestLockResult.txt",
			);
			runOnlyForDeploymentPostprocessing = 0;
			shellPath = /bin/sh;
			shellScript = "diff \"${PODS_PODFILE_DIR_PATH}/Podfile.lock\" \"${PODS_ROOT}/Manifest.lock\" > /dev/null\nif [ $? != 0 ] ; then\n    # print error to STDERR\n    echo \"error: The sandbox is not in sync with the Podfile.lock. Run 'pod install' or update your CocoaPods installation.\" >&2\n    exit 1\nfi\n# This output is used by Xcode 'outputs' to avoid re-running this script phase.\necho \"SUCCESS\" > \"${SCRIPT_OUTPUT_FILE_0}\"\n";
			showEnvVarsInLog = 0;
		};
/* End PBXShellScriptBuildPhase section */

/* Begin PBXSourcesBuildPhase section */
		BCE50610207D2BCC007683AF /* Sources */ = {
			isa = PBXSourcesBuildPhase;
			buildActionMask = 2147483647;
			files = (
				BC5B53DE2090F9D7000B450B /* PoseViewController.swift in Sources */,
				BCE5061A207D2BCC007683AF /* CategoryViewController.swift in Sources */,
				BCA915EF209B879300D46492 /* PoseDescripViewController.swift in Sources */,
				BCA915ED209B872800D46492 /* PoseDecripCollectionViewCell.swift in Sources */,
				BC5B53DC2090F9A9000B450B /* PoseCollectionViewCell.swift in Sources */,
				BC625DF6207FD225008CF14A /* CategoryCollectionViewCell.swift in Sources */,
				BCE50618207D2BCC007683AF /* AppDelegate.swift in Sources */,
			);
			runOnlyForDeploymentPostprocessing = 0;
		};
		BCE50624207D2BCC007683AF /* Sources */ = {
			isa = PBXSourcesBuildPhase;
			buildActionMask = 2147483647;
			files = (
				BCE5062D207D2BCC007683AF /* Tester2Tests.swift in Sources */,
			);
			runOnlyForDeploymentPostprocessing = 0;
		};
		BCE5062F207D2BCC007683AF /* Sources */ = {
			isa = PBXSourcesBuildPhase;
			buildActionMask = 2147483647;
			files = (
				BCE50638207D2BCC007683AF /* Tester2UITests.swift in Sources */,
			);
			runOnlyForDeploymentPostprocessing = 0;
		};
/* End PBXSourcesBuildPhase section */

/* Begin PBXTargetDependency section */
		BCE5062A207D2BCC007683AF /* PBXTargetDependency */ = {
			isa = PBXTargetDependency;
			target = BCE50613207D2BCC007683AF /* Tester2 */;
			targetProxy = BCE50629207D2BCC007683AF /* PBXContainerItemProxy */;
		};
		BCE50635207D2BCC007683AF /* PBXTargetDependency */ = {
			isa = PBXTargetDependency;
			target = BCE50613207D2BCC007683AF /* Tester2 */;
			targetProxy = BCE50634207D2BCC007683AF /* PBXContainerItemProxy */;
		};
/* End PBXTargetDependency section */

/* Begin PBXVariantGroup section */
		BCE5061B207D2BCC007683AF /* Main.storyboard */ = {
			isa = PBXVariantGroup;
			children = (
				BCE5061C207D2BCC007683AF /* Base */,
			);
			name = Main.storyboard;
			sourceTree = "<group>";
		};
		BCE50620207D2BCC007683AF /* LaunchScreen.storyboard */ = {
			isa = PBXVariantGroup;
			children = (
				BCE50621207D2BCC007683AF /* Base */,
			);
			name = LaunchScreen.storyboard;
			sourceTree = "<group>";
		};
/* End PBXVariantGroup section */

/* Begin XCBuildConfiguration section */
		BCE5063A207D2BCC007683AF /* Debug */ = {
			isa = XCBuildConfiguration;
			buildSettings = {
				ALWAYS_SEARCH_USER_PATHS = NO;
				CLANG_ANALYZER_NONNULL = YES;
				CLANG_ANALYZER_NUMBER_OBJECT_CONVERSION = YES_AGGRESSIVE;
				CLANG_CXX_LANGUAGE_STANDARD = "gnu++14";
				CLANG_CXX_LIBRARY = "libc++";
				CLANG_ENABLE_MODULES = YES;
				CLANG_ENABLE_OBJC_ARC = YES;
				CLANG_WARN_BLOCK_CAPTURE_AUTORELEASING = YES;
				CLANG_WARN_BOOL_CONVERSION = YES;
				CLANG_WARN_COMMA = YES;
				CLANG_WARN_CONSTANT_CONVERSION = YES;
				CLANG_WARN_DIRECT_OBJC_ISA_USAGE = YES_ERROR;
				CLANG_WARN_DOCUMENTATION_COMMENTS = YES;
				CLANG_WARN_EMPTY_BODY = YES;
				CLANG_WARN_ENUM_CONVERSION = YES;
				CLANG_WARN_INFINITE_RECURSION = YES;
				CLANG_WARN_INT_CONVERSION = YES;
				CLANG_WARN_NON_LITERAL_NULL_CONVERSION = YES;
				CLANG_WARN_OBJC_LITERAL_CONVERSION = YES;
				CLANG_WARN_OBJC_ROOT_CLASS = YES_ERROR;
				CLANG_WARN_RANGE_LOOP_ANALYSIS = YES;
				CLANG_WARN_STRICT_PROTOTYPES = YES;
				CLANG_WARN_SUSPICIOUS_MOVE = YES;
				CLANG_WARN_UNGUARDED_AVAILABILITY = YES_AGGRESSIVE;
				CLANG_WARN_UNREACHABLE_CODE = YES;
				CLANG_WARN__DUPLICATE_METHOD_MATCH = YES;
				CODE_SIGN_IDENTITY = "iPhone Developer";
				COPY_PHASE_STRIP = NO;
				DEBUG_INFORMATION_FORMAT = dwarf;
				ENABLE_STRICT_OBJC_MSGSEND = YES;
				ENABLE_TESTABILITY = YES;
				GCC_C_LANGUAGE_STANDARD = gnu11;
				GCC_DYNAMIC_NO_PIC = NO;
				GCC_NO_COMMON_BLOCKS = YES;
				GCC_OPTIMIZATION_LEVEL = 0;
				GCC_PREPROCESSOR_DEFINITIONS = (
					"DEBUG=1",
					"$(inherited)",
				);
				GCC_WARN_64_TO_32_BIT_CONVERSION = YES;
				GCC_WARN_ABOUT_RETURN_TYPE = YES_ERROR;
				GCC_WARN_UNDECLARED_SELECTOR = YES;
				GCC_WARN_UNINITIALIZED_AUTOS = YES_AGGRESSIVE;
				GCC_WARN_UNUSED_FUNCTION = YES;
				GCC_WARN_UNUSED_VARIABLE = YES;
				IPHONEOS_DEPLOYMENT_TARGET = 11.2;
				MTL_ENABLE_DEBUG_INFO = YES;
				ONLY_ACTIVE_ARCH = YES;
				SDKROOT = iphoneos;
				SWIFT_ACTIVE_COMPILATION_CONDITIONS = DEBUG;
				SWIFT_OPTIMIZATION_LEVEL = "-Onone";
			};
			name = Debug;
		};
		BCE5063B207D2BCC007683AF /* Release */ = {
			isa = XCBuildConfiguration;
			buildSettings = {
				ALWAYS_SEARCH_USER_PATHS = NO;
				CLANG_ANALYZER_NONNULL = YES;
				CLANG_ANALYZER_NUMBER_OBJECT_CONVERSION = YES_AGGRESSIVE;
				CLANG_CXX_LANGUAGE_STANDARD = "gnu++14";
				CLANG_CXX_LIBRARY = "libc++";
				CLANG_ENABLE_MODULES = YES;
				CLANG_ENABLE_OBJC_ARC = YES;
				CLANG_WARN_BLOCK_CAPTURE_AUTORELEASING = YES;
				CLANG_WARN_BOOL_CONVERSION = YES;
				CLANG_WARN_COMMA = YES;
				CLANG_WARN_CONSTANT_CONVERSION = YES;
				CLANG_WARN_DIRECT_OBJC_ISA_USAGE = YES_ERROR;
				CLANG_WARN_DOCUMENTATION_COMMENTS = YES;
				CLANG_WARN_EMPTY_BODY = YES;
				CLANG_WARN_ENUM_CONVERSION = YES;
				CLANG_WARN_INFINITE_RECURSION = YES;
				CLANG_WARN_INT_CONVERSION = YES;
				CLANG_WARN_NON_LITERAL_NULL_CONVERSION = YES;
				CLANG_WARN_OBJC_LITERAL_CONVERSION = YES;
				CLANG_WARN_OBJC_ROOT_CLASS = YES_ERROR;
				CLANG_WARN_RANGE_LOOP_ANALYSIS = YES;
				CLANG_WARN_STRICT_PROTOTYPES = YES;
				CLANG_WARN_SUSPICIOUS_MOVE = YES;
				CLANG_WARN_UNGUARDED_AVAILABILITY = YES_AGGRESSIVE;
				CLANG_WARN_UNREACHABLE_CODE = YES;
				CLANG_WARN__DUPLICATE_METHOD_MATCH = YES;
				CODE_SIGN_IDENTITY = "iPhone Developer";
				COPY_PHASE_STRIP = NO;
				DEBUG_INFORMATION_FORMAT = "dwarf-with-dsym";
				ENABLE_NS_ASSERTIONS = NO;
				ENABLE_STRICT_OBJC_MSGSEND = YES;
				GCC_C_LANGUAGE_STANDARD = gnu11;
				GCC_NO_COMMON_BLOCKS = YES;
				GCC_WARN_64_TO_32_BIT_CONVERSION = YES;
				GCC_WARN_ABOUT_RETURN_TYPE = YES_ERROR;
				GCC_WARN_UNDECLARED_SELECTOR = YES;
				GCC_WARN_UNINITIALIZED_AUTOS = YES_AGGRESSIVE;
				GCC_WARN_UNUSED_FUNCTION = YES;
				GCC_WARN_UNUSED_VARIABLE = YES;
				IPHONEOS_DEPLOYMENT_TARGET = 11.2;
				MTL_ENABLE_DEBUG_INFO = NO;
				SDKROOT = iphoneos;
				SWIFT_OPTIMIZATION_LEVEL = "-Owholemodule";
				VALIDATE_PRODUCT = YES;
			};
			name = Release;
		};
		BCE5063D207D2BCC007683AF /* Debug */ = {
			isa = XCBuildConfiguration;
			baseConfigurationReference = 6CF7F5C60F72395E3BD1965B /* Pods-Tester2.debug.xcconfig */;
			buildSettings = {
				ASSETCATALOG_COMPILER_APPICON_NAME = AppIcon;
				CODE_SIGN_STYLE = Automatic;
				DEVELOPMENT_TEAM = 66X26TK339;
				INFOPLIST_FILE = Tester2/Info.plist;
				LD_RUNPATH_SEARCH_PATHS = "$(inherited) @executable_path/Frameworks";
				PRODUCT_BUNDLE_IDENTIFIER = CodingClass.Tester2;
				PRODUCT_NAME = "$(TARGET_NAME)";
				SWIFT_VERSION = 4.0;
				TARGETED_DEVICE_FAMILY = "1,2";
			};
			name = Debug;
		};
		BCE5063E207D2BCC007683AF /* Release */ = {
			isa = XCBuildConfiguration;
			baseConfigurationReference = 586A27971E5E151FE737186E /* Pods-Tester2.release.xcconfig */;
			buildSettings = {
				ASSETCATALOG_COMPILER_APPICON_NAME = AppIcon;
				CODE_SIGN_STYLE = Automatic;
				DEVELOPMENT_TEAM = 66X26TK339;
				INFOPLIST_FILE = Tester2/Info.plist;
				LD_RUNPATH_SEARCH_PATHS = "$(inherited) @executable_path/Frameworks";
				PRODUCT_BUNDLE_IDENTIFIER = CodingClass.Tester2;
				PRODUCT_NAME = "$(TARGET_NAME)";
				SWIFT_VERSION = 4.0;
				TARGETED_DEVICE_FAMILY = "1,2";
			};
			name = Release;
		};
		BCE50640207D2BCC007683AF /* Debug */ = {
			isa = XCBuildConfiguration;
			baseConfigurationReference = 68347437ADA2D6A35746552F /* Pods-Tester2Tests.debug.xcconfig */;
			buildSettings = {
				ALWAYS_EMBED_SWIFT_STANDARD_LIBRARIES = YES;
				BUNDLE_LOADER = "$(TEST_HOST)";
				CODE_SIGN_STYLE = Automatic;
				DEVELOPMENT_TEAM = 66X26TK339;
				INFOPLIST_FILE = Tester2Tests/Info.plist;
				LD_RUNPATH_SEARCH_PATHS = "$(inherited) @executable_path/Frameworks @loader_path/Frameworks";
				PRODUCT_BUNDLE_IDENTIFIER = CodingClass.Tester2Tests;
				PRODUCT_NAME = "$(TARGET_NAME)";
				SWIFT_VERSION = 4.0;
				TARGETED_DEVICE_FAMILY = "1,2";
				TEST_HOST = "$(BUILT_PRODUCTS_DIR)/Tester2.app/Tester2";
			};
			name = Debug;
		};
		BCE50641207D2BCC007683AF /* Release */ = {
			isa = XCBuildConfiguration;
			baseConfigurationReference = 988651801E6EF88B762CBB87 /* Pods-Tester2Tests.release.xcconfig */;
			buildSettings = {
				ALWAYS_EMBED_SWIFT_STANDARD_LIBRARIES = YES;
				BUNDLE_LOADER = "$(TEST_HOST)";
				CODE_SIGN_STYLE = Automatic;
				DEVELOPMENT_TEAM = 66X26TK339;
				INFOPLIST_FILE = Tester2Tests/Info.plist;
				LD_RUNPATH_SEARCH_PATHS = "$(inherited) @executable_path/Frameworks @loader_path/Frameworks";
				PRODUCT_BUNDLE_IDENTIFIER = CodingClass.Tester2Tests;
				PRODUCT_NAME = "$(TARGET_NAME)";
				SWIFT_VERSION = 4.0;
				TARGETED_DEVICE_FAMILY = "1,2";
				TEST_HOST = "$(BUILT_PRODUCTS_DIR)/Tester2.app/Tester2";
			};
			name = Release;
		};
		BCE50643207D2BCC007683AF /* Debug */ = {
			isa = XCBuildConfiguration;
			baseConfigurationReference = 4F2CC0C1BF6DA1C4D9A34B9A /* Pods-Tester2UITests.debug.xcconfig */;
			buildSettings = {
				ALWAYS_EMBED_SWIFT_STANDARD_LIBRARIES = YES;
				CODE_SIGN_STYLE = Automatic;
				DEVELOPMENT_TEAM = 66X26TK339;
				INFOPLIST_FILE = Tester2UITests/Info.plist;
				LD_RUNPATH_SEARCH_PATHS = "$(inherited) @executable_path/Frameworks @loader_path/Frameworks";
				PRODUCT_BUNDLE_IDENTIFIER = CodingClass.Tester2UITests;
				PRODUCT_NAME = "$(TARGET_NAME)";
				SWIFT_VERSION = 4.0;
				TARGETED_DEVICE_FAMILY = "1,2";
				TEST_TARGET_NAME = Tester2;
			};
			name = Debug;
		};
		BCE50644207D2BCC007683AF /* Release */ = {
			isa = XCBuildConfiguration;
			baseConfigurationReference = CC25AE70BF8432E52C38639B /* Pods-Tester2UITests.release.xcconfig */;
			buildSettings = {
				ALWAYS_EMBED_SWIFT_STANDARD_LIBRARIES = YES;
				CODE_SIGN_STYLE = Automatic;
				DEVELOPMENT_TEAM = 66X26TK339;
				INFOPLIST_FILE = Tester2UITests/Info.plist;
				LD_RUNPATH_SEARCH_PATHS = "$(inherited) @executable_path/Frameworks @loader_path/Frameworks";
				PRODUCT_BUNDLE_IDENTIFIER = CodingClass.Tester2UITests;
				PRODUCT_NAME = "$(TARGET_NAME)";
				SWIFT_VERSION = 4.0;
				TARGETED_DEVICE_FAMILY = "1,2";
				TEST_TARGET_NAME = Tester2;
			};
			name = Release;
		};
/* End XCBuildConfiguration section */

/* Begin XCConfigurationList section */
		BCE5060F207D2BCC007683AF /* Build configuration list for PBXProject "Tester2" */ = {
			isa = XCConfigurationList;
			buildConfigurations = (
				BCE5063A207D2BCC007683AF /* Debug */,
				BCE5063B207D2BCC007683AF /* Release */,
			);
			defaultConfigurationIsVisible = 0;
			defaultConfigurationName = Release;
		};
		BCE5063C207D2BCC007683AF /* Build configuration list for PBXNativeTarget "Tester2" */ = {
			isa = XCConfigurationList;
			buildConfigurations = (
				BCE5063D207D2BCC007683AF /* Debug */,
				BCE5063E207D2BCC007683AF /* Release */,
			);
			defaultConfigurationIsVisible = 0;
			defaultConfigurationName = Release;
		};
		BCE5063F207D2BCC007683AF /* Build configuration list for PBXNativeTarget "Tester2Tests" */ = {
			isa = XCConfigurationList;
			buildConfigurations = (
				BCE50640207D2BCC007683AF /* Debug */,
				BCE50641207D2BCC007683AF /* Release */,
			);
			defaultConfigurationIsVisible = 0;
			defaultConfigurationName = Release;
		};
		BCE50642207D2BCC007683AF /* Build configuration list for PBXNativeTarget "Tester2UITests" */ = {
			isa = XCConfigurationList;
			buildConfigurations = (
				BCE50643207D2BCC007683AF /* Debug */,
				BCE50644207D2BCC007683AF /* Release */,
			);
			defaultConfigurationIsVisible = 0;
			defaultConfigurationName = Release;
		};
/* End XCConfigurationList section */
	};
	rootObject = BCE5060C207D2BCC007683AF /* Project object */;
}
